
Microsoft Visual Studio Solution File, Format Version 12.00
# Visual Studio 15
Project("{FAE04EC0-301F-11D3-BF4B-00C04F79EFBC}") = "LinqConsoleApp", "LinqConsoleApp.csproj", "{D75D7023-DCF4-4097-8126-E62962B80BDE}"
EndProject
Global
	GlobalSection(SolutionConfigurationPlatforms) = preSolution
		Debug|Any CPU = Debug|Any CPU
		Release|Any CPU = Release|Any CPU
	EndGlobalSection
	GlobalSection(ProjectConfigurationPlatforms) = postSolution
		{D75D7023-DCF4-4097-8126-E62962B80BDE}.Debug|Any CPU.ActiveCfg = Debug|Any CPU
		{D75D7023-DCF4-4097-8126-E62962B80BDE}.Debug|Any CPU.Build.0 = Debug|Any CPU
		{D75D7023-DCF4-4097-8126-E62962B80BDE}.Release|Any CPU.ActiveCfg = Release|Any CPU
		{D75D7023-DCF4-4097-8126-E62962B80BDE}.Release|Any CPU.Build.0 = Release|Any CPU
	EndGlobalSection
EndGlobal
